// !$*UTF8*$!
{
	archiveVersion = 1;
	classes = {
	};
	objectVersion = 77;
	objects = {

/* Begin PBXBuildFile section */
		B45E00000000000000000010 /* Alamofire in Frameworks */ = {isa = PBXBuildFile; productRef = B45E00000000000000000011 /* Alamofire */; };
		B45E00000000000000000016 /* Kingfisher in Frameworks */ = {isa = PBXBuildFile; productRef = B45E00000000000000000017 /* Kingfisher */; };
		B45E00000000000000000022 /* Alamofire in Frameworks */ = {isa = PBXBuildFile; productRef = B45E00000000000000000023 /* Alamofire */; };
		B45E00000000000000000026 /* Kingfisher in Frameworks */ = {isa = PBXBuildFile; productRef = B45E00000000000000000027 /* Kingfisher */; };
/* End PBXBuildFile section */

/* Begin PBXContainerItemProxy section */
		B45E00000000000000000033 /* PBXContainerItemProxy */ = {
			isa = PBXContainerItemProxy;
			containerPortal = B45E00000000000000000034 /* Project object */;
			proxyType = 1;
			remoteGlobalIDString = B45E0000000000000000000A;
			remoteInfo = RecipeTest;
		};
		B45E0000000000000000003D /* PBXContainerItemProxy */ = {
			isa = PBXContainerItemProxy;
			containerPortal = B45E00000000000000000034 /* Project object */;
			proxyType = 1;
			remoteGlobalIDString = B45E0000000000000000000A;
			remoteInfo = RecipeTest;
		};
/* End PBXContainerItemProxy section */

/* Begin PBXFileReference section */
		B45E00000000000000000001 /* RecipeTest.app */ = {isa = PBXFileReference; explicitFileType = wrapper.application; includeInIndex = 0; path = RecipeTest.app; sourceTree = BUILT_PRODUCTS_DIR; };
		B45E00000000000000000002 /* RecipeTest-Staging.app */ = {isa = PBXFileReference; explicitFileType = wrapper.application; includeInIndex = 0; path = "RecipeTest-Staging.app"; sourceTree = BUILT_PRODUCTS_DIR; };
		B45E00000000000000000003 /* Tests.xctest */ = {isa = PBXFileReference; explicitFileType = wrapper.cfbundle; includeInIndex = 0; path = Tests.xctest; sourceTree = BUILT_PRODUCTS_DIR; };
		B45E00000000000000000004 /* UITests.xctest */ = {isa = PBXFileReference; explicitFileType = wrapper.cfbundle; includeInIndex = 0; path = UITests.xctest; sourceTree = BUILT_PRODUCTS_DIR; };
		B45E00000000000000000006 /* Debug.xcconfig */ = {isa = PBXFileReference; lastKnownFileType = text.xcconfig; path = Debug.xcconfig; sourceTree = "<group>"; };
		B45E00000000000000000007 /* Release.xcconfig */ = {isa = PBXFileReference; lastKnownFileType = text.xcconfig; path = Release.xcconfig; sourceTree = "<group>"; };
		B45E00000000000000000008 /* Secrets.example.xcconfig */ = {isa = PBXFileReference; lastKnownFileType = text.xcconfig; path = Secrets.example.xcconfig; sourceTree = "<group>"; };
/* End PBXFileReference section */

/* Begin PBXFileSystemSynchronizedBuildFileExceptionSet section */
		B45E00000000000000000009 /* Exceptions for "RecipeTest" folder in "RecipeTest" target */ = {
			isa = PBXFileSystemSynchronizedBuildFileExceptionSet;
			membershipExceptions = (
				Config/Production/Info.plist,
				"Config/Staging/Info-Staging.plist",
			);
			target = B45E0000000000000000000A /* RecipeTest */;
		};
		B45E0000000000000000000B /* Exceptions for "RecipeTest" folder in "RecipeTest-Staging" target */ = {
			isa = PBXFileSystemSynchronizedBuildFileExceptionSet;
			membershipExceptions = (
				Config/Production/Info.plist,
				"Config/Staging/Info-Staging.plist",
			);
			target = B45E0000000000000000000C /* RecipeTest-Staging */;
		};
/* End PBXFileSystemSynchronizedBuildFileExceptionSet section */

/* Begin PBXFileSystemSynchronizedRootGroup section */
		B45E0000000000000000000D /* RecipeTest */ = {
			isa = PBXFileSystemSynchronizedRootGroup;
			exceptions = (
				B45E00000000000000000009 /* Exceptions for "RecipeTest" folder in "RecipeTest" target */,
				B45E0000000000000000000B /* Exceptions for "RecipeTest" folder in "RecipeTest-Staging" target */,
			);
			path = RecipeTest;
			sourceTree = "<group>";
		};
		B45E0000000000000000000E /* Tests */ = {
			isa = PBXFileSystemSynchronizedRootGroup;
			path = Tests;
			sourceTree = "<group>";
		};
		B45E0000000000000000000F /* UITests */ = {
			isa = PBXFileSystemSynchronizedRootGroup;
			path = UITests;
			sourceTree = "<group>";
		};
/* End PBXFileSystemSynchronizedRootGroup section */

/* Begin PBXFrameworksBuildPhase section */
		B45E0000000000000000001D /* Frameworks */ = {
			isa = PBXFrameworksBuildPhase;
			buildActionMask = 2147483647;
			files = (
				B45E00000000000000000010 /* Alamofire in Frameworks */,
				B45E00000000000000000016 /* Kingfisher in Frameworks */,
			);
			runOnlyForDeploymentPostprocessing = 0;
		};
		B45E0000000000000000002B /* Frameworks */ = {
			isa = PBXFrameworksBuildPhase;
			buildActionMask = 2147483647;
			files = (
				B45E00000000000000000022 /* Alamofire in Frameworks */,
				B45E00000000000000000026 /* Kingfisher in Frameworks */,
			);
			runOnlyForDeploymentPostprocessing = 0;
		};
		B45E00000000000000000031 /* Frameworks */ = {
			isa = PBXFrameworksBuildPhase;
			buildActionMask = 2147483647;
			files = (
			);
			runOnlyForDeploymentPostprocessing = 0;
		};
		B45E0000000000000000003B /* Frameworks */ = {
			isa = PBXFrameworksBuildPhase;
			buildActionMask = 2147483647;
			files = (
			);
			runOnlyForDeploymentPostprocessing = 0;
		};
/* End PBXFrameworksBuildPhase section */

/* Begin PBXGroup section */
		B45E00000000000000000046 /* Config */ = {
			isa = PBXGroup;
			children = (
				B45E00000000000000000006 /* Debug.xcconfig */,
				B45E00000000000000000007 /* Release.xcconfig */,
				B45E00000000000000000008 /* Secrets.example.xcconfig */,
			);
			path = Config;
			sourceTree = "<group>";
		};
		B45E00000000000000000047 /* Products */ = {
			isa = PBXGroup;
			children = (
				B45E00000000000000000001 /* RecipeTest.app */,
				B45E00000000000000000002 /* RecipeTest-Staging.app */,
				B45E00000000000000000003 /* Tests.xctest */,
				B45E00000000000000000004 /* UITests.xctest */,
			);
			name = Products;
			sourceTree = "<group>";
		};
		B45E00000000000000000048 = {
			isa = PBXGroup;
			children = (
				B45E00000000000000000046 /* Config */,
				B45E0000000000000000000D /* RecipeTest */,
				B45E0000000000000000000E /* Tests */,
				B45E0000000000000000000F /* UITests */,
				B45E00000000000000000047 /* Products */,
			);
			sourceTree = "<group>";
		};
/* End PBXGroup section */

/* Begin PBXNativeTarget section */
		B45E0000000000000000000A /* RecipeTest */ = {
			isa = PBXNativeTarget;
			buildConfigurationList = B45E0000000000000000001F /* Build configuration list for PBXNativeTarget "RecipeTest" */;
			buildPhases = (
				B45E0000000000000000001C /* Sources */,
				B45E0000000000000000001D /* Frameworks */,
				B45E0000000000000000001E /* Resources */,
			);
			buildRules = (
			);
			dependencies = (
				B45E0000000000000000001A /* PBXTargetDependency */,
			);
			fileSystemSynchronizedGroups = (
				B45E0000000000000000000D /* RecipeTest */,
			);
			name = RecipeTest;
			packageProductDependencies = (
				B45E00000000000000000011 /* Alamofire */,
				B45E00000000000000000017 /* Kingfisher */,
			);
			productName = RecipeTest;
			productReference = B45E00000000000000000001 /* RecipeTest.app */;
			productType = "com.apple.product-type.application";
		};
		B45E0000000000000000000C /* RecipeTest-Staging */ = {
			isa = PBXNativeTarget;
			buildConfigurationList = B45E0000000000000000002D /* Build configuration list for PBXNativeTarget "RecipeTest-Staging" */;
			buildPhases = (
				B45E0000000000000000002A /* Sources */,
				B45E0000000000000000002B /* Frameworks */,
				B45E0000000000000000002C /* Resources */,
			);
			buildRules = (
			);
			dependencies = (
				B45E00000000000000000029 /* PBXTargetDependency */,
			);
			fileSystemSynchronizedGroups = (
				B45E0000000000000000000D /* RecipeTest */,
			);
			name = "RecipeTest-Staging";
			packageProductDependencies = (
				B45E00000000000000000023 /* Alamofire */,
				B45E00000000000000000027 /* Kingfisher */,
			);
			productName = "RecipeTest-Staging";
			productReference = B45E00000000000000000002 /* RecipeTest-Staging.app */;
			productType = "com.apple.product-type.application";
		};
		B45E00000000000000000036 /* Tests */ = {
			isa = PBXNativeTarget;
			buildConfigurationList = B45E00000000000000000037 /* Build configuration list for PBXNativeTarget "Tests" */;
			buildPhases = (
				B45E00000000000000000030 /* Sources */,
				B45E00000000000000000031 /* Frameworks */,
				B45E00000000000000000032 /* Resources */,
			);
			buildRules = (
			);
			dependencies = (
				B45E00000000000000000035 /* PBXTargetDependency */,
			);
			fileSystemSynchronizedGroups = (
				B45E0000000000000000000E /* Tests */,
			);
			name = Tests;
			productName = Tests;
			productReference = B45E00000000000000000003 /* Tests.xctest */;
			productType = "com.apple.product-type.bundle.unit-test";
		};
		B45E0000000000000000003F /* UITests */ = {
			isa = PBXNativeTarget;
			buildConfigurationList = B45E00000000000000000040 /* Build configuration list for PBXNativeTarget "UITests" */;
			buildPhases = (
				B45E0000000000000000003A /* Sources */,
				B45E0000000000000000003B /* Frameworks */,
				B45E0000000000000000003C /* Resources */,
			);
			buildRules = (
			);
			dependencies = (
				B45E0000000000000000003E /* PBXTargetDependency */,
			);
			fileSystemSynchronizedGroups = (
				B45E0000000000000000000F /* UITests */,
			);
			name = UITests;
			productName = UITests;
			productReference = B45E00000000000000000004 /* UITests.xctest */;
			productType = "com.apple.product-type.bundle.ui-testing";
		};
/* End PBXNativeTarget section */

/* Begin PBXProject section */
		B45E00000000000000000034 /* Project object */ = {
			isa = PBXProject;
			attributes = {
				BuildIndependentTargetsInParallel = 1;
				LastSwiftUpdateCheck = 1630;
				LastUpgradeCheck = 1630;
				TargetAttributes = {
					B45E0000000000000000000A = {
						CreatedOnToolsVersion = 16.3;
					};
					B45E0000000000000000000C = {
						CreatedOnToolsVersion = 16.3;
					};
					B45E00000000000000000036 = {
						CreatedOnToolsVersion = 16.3;
						TestTargetID = B45E0000000000000000000A;
					};
					B45E0000000000000000003F = {
						CreatedOnToolsVersion = 16.3;
						TestTargetID = B45E0000000000000000000A;
					};
				};
			};
			buildConfigurationList = B45E00000000000000000045 /* Build configuration list for PBXProject "RecipeTest" */;
			developmentRegion = en;
			hasScannedForEncodings = 0;
			knownRegions = (
				en,
				Base,
			);
			mainGroup = B45E00000000000000000048;
			minimizedProjectReferenceProxies = 1;
			packageReferences = (
				B45E00000000000000000012 /* XCRemoteSwiftPackageReference "Alamofire" */,
				B45E00000000000000000018 /* XCRemoteSwiftPackageReference "Kingfisher" */,
				B45E0000000000000000001B /* XCRemoteSwiftPackageReference "SwiftLintPlugins" */,
			);
			preferredProjectObjectVersion = 77;
			productRefGroup = B45E00000000000000000047 /* Products */;
			projectDirPath = "";
			projectRoot = "";
			targets = (
				B45E0000000000000000000A /* RecipeTest */,
				B45E0000000000000000000C /* RecipeTest-Staging */,
				B45E00000000000000000036 /* Tests */,
				B45E0000000000000000003F /* UITests */,
			);
		};
/* End PBXProject section */

/* Begin PBXResourcesBuildPhase section */
		B45E0000000000000000001E /* Resources */ = {
			isa = PBXResourcesBuildPhase;
			buildActionMask = 2147483647;
			files = (
			);
			runOnlyForDeploymentPostprocessing = 0;
		};
		B45E0000000000000000002C /* Resources */ = {
			isa = PBXResourcesBuildPhase;
			buildActionMask = 2147483647;
			files = (
			);
			runOnlyForDeploymentPostprocessing = 0;
		};
		B45E00000000000000000032 /* Resources */ = {
			isa = PBXResourcesBuildPhase;
			buildActionMask = 2147483647;
			files = (
			);
			runOnlyForDeploymentPostprocessing = 0;
		};
		B45E0000000000000000003C /* Resources */ = {
			isa = PBXResourcesBuildPhase;
			buildActionMask = 2147483647;
			files = (
			);
			runOnlyForDeploymentPostprocessing = 0;
		};
/* End PBXResourcesBuildPhase section */

/* Begin PBXSourcesBuildPhase section */
		B45E0000000000000000001C /* Sources */ = {
			isa = PBXSourcesBuildPhase;
			buildActionMask = 2147483647;
			files = (
			);
			runOnlyForDeploymentPostprocessing = 0;
		};
		B45E0000000000000000002A /* Sources */ = {
			isa = PBXSourcesBuildPhase;
			buildActionMask = 2147483647;
			files = (
			);
			runOnlyForDeploymentPostprocessing = 0;
		};
		B45E00000000000000000030 /* Sources */ = {
			isa = PBXSourcesBuildPhase;
			buildActionMask = 2147483647;
			files = (
			);
			runOnlyForDeploymentPostprocessing = 0;
		};
		B45E0000000000000000003A /* Sources */ = {
			isa = PBXSourcesBuildPhase;
			buildActionMask = 2147483647;
			files = (
			);
			runOnlyForDeploymentPostprocessing = 0;
		};
/* End PBXSourcesBuildPhase section */

/* Begin PBXTargetDependency section */
		B45E0000000000000000001A /* PBXTargetDependency */ = {
			isa = PBXTargetDependency;
			productRef = B45E00000000000000000019 /* SwiftLintBuildToolPlugin */;
		};
		B45E00000000000000000029 /* PBXTargetDependency */ = {
			isa = PBXTargetDependency;
			productRef = B45E00000000000000000028 /* SwiftLintBuildToolPlugin */;
		};
		B45E00000000000000000035 /* PBXTargetDependency */ = {
			isa = PBXTargetDependency;
			target = B45E0000000000000000000A /* RecipeTest */;
			targetProxy = B45E00000000000000000033 /* PBXContainerItemProxy */;
		};
		B45E0000000000000000003E /* PBXTargetDependency */ = {
			isa = PBXTargetDependency;
			target = B45E0000000000000000000A /* RecipeTest */;
			targetProxy = B45E0000000000000000003D /* PBXContainerItemProxy */;
		};
/* End PBXTargetDependency section */

/* Begin XCBuildConfiguration section */
		B45E00000000000000000020 /* Debug */ = {
			isa = XCBuildConfiguration;
			buildSettings = {
				ASSETCATALOG_COMPILER_APPICON_NAME = AppIcon;
				CODE_SIGN_ENTITLEMENTS = RecipeTest/Config/Production/RecipeTest.entitlements;
				CODE_SIGN_STYLE = Automatic;
				CURRENT_PROJECT_VERSION = 1;
				GENERATE_INFOPLIST_FILE = NO;
				INFOPLIST_FILE = RecipeTest/Config/Production/Info.plist;
				IPHONEOS_DEPLOYMENT_TARGET = 26.3;
				LD_RUNPATH_SEARCH_PATHS = (
					"$(inherited)",
					"@executable_path/Frameworks",
				);
				MARKETING_VERSION = 1.0.0;
				PRODUCT_BUNDLE_IDENTIFIER = com.danjan.recipe;
				PRODUCT_MODULE_NAME = RecipeTest;
				PRODUCT_NAME = "$(TARGET_NAME)";
				SWIFT_ACTIVE_COMPILATION_CONDITIONS = "$(inherited)";
			};
			name = Debug;
		};
		B45E00000000000000000021 /* Release */ = {
			isa = XCBuildConfiguration;
			buildSettings = {
				ASSETCATALOG_COMPILER_APPICON_NAME = AppIcon;
				CODE_SIGN_ENTITLEMENTS = RecipeTest/Config/Production/RecipeTest.entitlements;
				CODE_SIGN_STYLE = Automatic;
				CURRENT_PROJECT_VERSION = 1;
				GENERATE_INFOPLIST_FILE = NO;
				INFOPLIST_FILE = RecipeTest/Config/Production/Info.plist;
				IPHONEOS_DEPLOYMENT_TARGET = 26.3;
				LD_RUNPATH_SEARCH_PATHS = (
					"$(inherited)",
					"@executable_path/Frameworks",
				);
				MARKETING_VERSION = 1.0.0;
				PRODUCT_BUNDLE_IDENTIFIER = com.danjan.recipe;
				PRODUCT_MODULE_NAME = RecipeTest;
				PRODUCT_NAME = "$(TARGET_NAME)";
				SWIFT_ACTIVE_COMPILATION_CONDITIONS = "$(inherited)";
			};
			name = Release;
		};
		B45E0000000000000000002E /* Debug */ = {
			isa = XCBuildConfiguration;
			buildSettings = {
				ASSETCATALOG_COMPILER_APPICON_NAME = AppIconDev;
				CODE_SIGN_ENTITLEMENTS = "RecipeTest/Config/Staging/RecipeTest-Staging.entitlements";
				CODE_SIGN_STYLE = Automatic;
				CURRENT_PROJECT_VERSION = 1;
				GENERATE_INFOPLIST_FILE = NO;
				INFOPLIST_FILE = "RecipeTest/Config/Staging/Info-Staging.plist";
				LD_RUNPATH_SEARCH_PATHS = (
					"$(inherited)",
					"@executable_path/Frameworks",
				);
				MARKETING_VERSION = 1.0.0;
				PRODUCT_BUNDLE_IDENTIFIER = "com.danjan.recipe-dev";
				PRODUCT_MODULE_NAME = RecipeTest;
				PRODUCT_NAME = "$(TARGET_NAME)";
				SWIFT_ACTIVE_COMPILATION_CONDITIONS = "$(inherited) STAGING";
			};
			name = Debug;
		};
		B45E0000000000000000002F /* Release */ = {
			isa = XCBuildConfiguration;
			buildSettings = {
				ASSETCATALOG_COMPILER_APPICON_NAME = AppIconDev;
				CODE_SIGN_ENTITLEMENTS = "RecipeTest/Config/Staging/RecipeTest-Staging.entitlements";
				CODE_SIGN_STYLE = Automatic;
				CURRENT_PROJECT_VERSION = 1;
				GENERATE_INFOPLIST_FILE = NO;
				INFOPLIST_FILE = "RecipeTest/Config/Staging/Info-Staging.plist";
				LD_RUNPATH_SEARCH_PATHS = (
					"$(inherited)",
					"@executable_path/Frameworks",
				);
				MARKETING_VERSION = 1.0.0;
				PRODUCT_BUNDLE_IDENTIFIER = "com.danjan.recipe-dev";
				PRODUCT_MODULE_NAME = RecipeTest;
				PRODUCT_NAME = "$(TARGET_NAME)";
				SWIFT_ACTIVE_COMPILATION_CONDITIONS = "$(inherited) STAGING";
			};
			name = Release;
		};
		B45E00000000000000000038 /* Debug */ = {
			isa = XCBuildConfiguration;
			buildSettings = {
				BUNDLE_LOADER = "$(TEST_HOST)";
				CODE_SIGN_STYLE = Automatic;
				CURRENT_PROJECT_VERSION = 1;
				GENERATE_INFOPLIST_FILE = YES;
				LD_RUNPATH_SEARCH_PATHS = (
					"$(inherited)",
					"@executable_path/Frameworks",
				);
				MARKETING_VERSION = 1.0.0;
				PRODUCT_BUNDLE_IDENTIFIER = com.danjan.recipe.tests;
				PRODUCT_NAME = "$(TARGET_NAME)";
				SWIFT_ACTIVE_COMPILATION_CONDITIONS = "$(inherited) TESTING";
				SWIFT_DEFAULT_ACTOR_ISOLATION = nonisolated;
				TEST_HOST = "$(BUILT_PRODUCTS_DIR)/RecipeTest.app/$(BUNDLE_EXECUTABLE_FOLDER_PATH)/RecipeTest";
			};
			name = Debug;
		};
		B45E00000000000000000039 /* Release */ = {
			isa = XCBuildConfiguration;
			buildSettings = {
				BUNDLE_LOADER = "$(TEST_HOST)";
				CODE_SIGN_STYLE = Automatic;
				CURRENT_PROJECT_VERSION = 1;
				GENERATE_INFOPLIST_FILE = YES;
				LD_RUNPATH_SEARCH_PATHS = (
					"$(inherited)",
					"@executable_path/Frameworks",
				);
				MARKETING_VERSION = 1.0.0;
				PRODUCT_BUNDLE_IDENTIFIER = com.danjan.recipe.tests;
				PRODUCT_NAME = "$(TARGET_NAME)";
				SWIFT_ACTIVE_COMPILATION_CONDITIONS = "$(inherited) TESTING";
				SWIFT_DEFAULT_ACTOR_ISOLATION = nonisolated;
				TEST_HOST = "$(BUILT_PRODUCTS_DIR)/RecipeTest.app/$(BUNDLE_EXECUTABLE_FOLDER_PATH)/RecipeTest";
			};
			name = Release;
		};
		B45E00000000000000000041 /* Debug */ = {
			isa = XCBuildConfiguration;
			buildSettings = {
				CODE_SIGN_STYLE = Automatic;
				CURRENT_PROJECT_VERSION = 1;
				GENERATE_INFOPLIST_FILE = YES;
				LD_RUNPATH_SEARCH_PATHS = (
					"$(inherited)",
					"@executable_path/Frameworks",
				);
				MARKETING_VERSION = 1.0.0;
				PRODUCT_BUNDLE_IDENTIFIER = com.danjan.recipe.uitests;
				PRODUCT_NAME = "$(TARGET_NAME)";
				SWIFT_ACTIVE_COMPILATION_CONDITIONS = "$(inherited) TESTING";
				SWIFT_DEFAULT_ACTOR_ISOLATION = nonisolated;
				TEST_TARGET_NAME = RecipeTest;
			};
			name = Debug;
		};
		B45E00000000000000000042 /* Release */ = {
			isa = XCBuildConfiguration;
			buildSettings = {
				CODE_SIGN_STYLE = Automatic;
				CURRENT_PROJECT_VERSION = 1;
				GENERATE_INFOPLIST_FILE = YES;
				LD_RUNPATH_SEARCH_PATHS = (
					"$(inherited)",
					"@executable_path/Frameworks",
				);
				MARKETING_VERSION = 1.0.0;
				PRODUCT_BUNDLE_IDENTIFIER = com.danjan.recipe.uitests;
				PRODUCT_NAME = "$(TARGET_NAME)";
				SWIFT_ACTIVE_COMPILATION_CONDITIONS = "$(inherited) TESTING";
				SWIFT_DEFAULT_ACTOR_ISOLATION = nonisolated;
				TEST_TARGET_NAME = RecipeTest;
			};
			name = Release;
		};
		B45E00000000000000000043 /* Debug */ = {
			isa = XCBuildConfiguration;
			baseConfigurationReference = B45E00000000000000000006 /* Debug.xcconfig */;
			buildSettings = {
				ALWAYS_SEARCH_USER_PATHS = NO;
				CLANG_ANALYZER_NONNULL = YES;
				CLANG_ENABLE_MODULES = YES;
				CLANG_ENABLE_OBJC_ARC = YES;
				COPY_PHASE_STRIP = NO;
				DEBUG_INFORMATION_FORMAT = dwarf;
				ENABLE_STRICT_OBJC_MSGSEND = YES;
				ENABLE_TESTABILITY = YES;
				ENABLE_USER_SCRIPT_SANDBOXING = YES;
				GCC_C_LANGUAGE_STANDARD = gnu17;
				GCC_NO_COMMON_BLOCKS = YES;
				GCC_OPTIMIZATION_LEVEL = 0;
				IPHONEOS_DEPLOYMENT_TARGET = 26.3;
				LOCALIZATION_PREFERS_STRING_CATALOGS = YES;
				MTL_ENABLE_DEBUG_INFO = INCLUDE_SOURCE;
				ONLY_ACTIVE_ARCH = YES;
				SDKROOT = iphoneos;
				STRING_CATALOG_GENERATE_SYMBOLS = YES;
				SWIFT_ACTIVE_COMPILATION_CONDITIONS = "$(inherited) DEBUG";
				SWIFT_DEFAULT_ACTOR_ISOLATION = MainActor;
				SWIFT_EMIT_LOC_STRINGS = YES;
				SWIFT_OPTIMIZATION_LEVEL = "-Onone";
				SWIFT_VERSION = 6.0;
				TARGETED_DEVICE_FAMILY = "1,2";
			};
			name = Debug;
		};
		B45E00000000000000000044 /* Release */ = {
			isa = XCBuildConfiguration;
			baseConfigurationReference = B45E00000000000000000007 /* Release.xcconfig */;
			buildSettings = {
				ALWAYS_SEARCH_USER_PATHS = NO;
				CLANG_ANALYZER_NONNULL = YES;
				CLANG_ENABLE_MODULES = YES;
				CLANG_ENABLE_OBJC_ARC = YES;
				COPY_PHASE_STRIP = NO;
				DEBUG_INFORMATION_FORMAT = "dwarf-with-dsym";
				ENABLE_NS_ASSERTIONS = NO;
				ENABLE_STRICT_OBJC_MSGSEND = YES;
				ENABLE_USER_SCRIPT_SANDBOXING = YES;
				GCC_C_LANGUAGE_STANDARD = gnu17;
				GCC_NO_COMMON_BLOCKS = YES;
				IPHONEOS_DEPLOYMENT_TARGET = 26.3;
				LOCALIZATION_PREFERS_STRING_CATALOGS = YES;
				MTL_ENABLE_DEBUG_INFO = NO;
				SDKROOT = iphoneos;
				STRING_CATALOG_GENERATE_SYMBOLS = YES;
				SWIFT_COMPILATION_MODE = wholemodule;
				SWIFT_DEFAULT_ACTOR_ISOLATION = MainActor;
				SWIFT_EMIT_LOC_STRINGS = YES;
				SWIFT_VERSION = 6.0;
				TARGETED_DEVICE_FAMILY = "1,2";
				VALIDATE_PRODUCT = YES;
			};
			name = Release;
		};
/* End XCBuildConfiguration section */

/* Begin XCConfigurationList section */
		B45E0000000000000000001F /* Build configuration list for PBXNativeTarget "RecipeTest" */ = {
			isa = XCConfigurationList;
			buildConfigurations = (
				B45E00000000000000000020 /* Debug */,
				B45E00000000000000000021 /* Release */,
			);
			defaultConfigurationIsVisible = 0;
			defaultConfigurationName = Release;
		};
		B45E0000000000000000002D /* Build configuration list for PBXNativeTarget "RecipeTest-Staging" */ = {
			isa = XCConfigurationList;
			buildConfigurations = (
				B45E0000000000000000002E /* Debug */,
				B45E0000000000000000002F /* Release */,
			);
			defaultConfigurationIsVisible = 0;
			defaultConfigurationName = Release;
		};
		B45E00000000000000000037 /* Build configuration list for PBXNativeTarget "Tests" */ = {
			isa = XCConfigurationList;
			buildConfigurations = (
				B45E00000000000000000038 /* Debug */,
				B45E00000000000000000039 /* Release */,
			);
			defaultConfigurationIsVisible = 0;
			defaultConfigurationName = Release;
		};
		B45E00000000000000000040 /* Build configuration list for PBXNativeTarget "UITests" */ = {
			isa = XCConfigurationList;
			buildConfigurations = (
				B45E00000000000000000041 /* Debug */,
				B45E00000000000000000042 /* Release */,
			);
			defaultConfigurationIsVisible = 0;
			defaultConfigurationName = Release;
		};
		B45E00000000000000000045 /* Build configuration list for PBXProject "RecipeTest" */ = {
			isa = XCConfigurationList;
			buildConfigurations = (
				B45E00000000000000000043 /* Debug */,
				B45E00000000000000000044 /* Release */,
			);
			defaultConfigurationIsVisible = 0;
			defaultConfigurationName = Release;
		};
/* End XCConfigurationList section */

/* Begin XCRemoteSwiftPackageReference section */
		B45E00000000000000000012 /* XCRemoteSwiftPackageReference "Alamofire" */ = {
			isa = XCRemoteSwiftPackageReference;
			repositoryURL = "https://github.com/Alamofire/Alamofire";
			requirement = {
				kind = upToNextMinorVersion;
				minimumVersion = 5.12.0;
			};
		};
		B45E00000000000000000018 /* XCRemoteSwiftPackageReference "Kingfisher" */ = {
			isa = XCRemoteSwiftPackageReference;
			repositoryURL = "https://github.com/onevcat/Kingfisher.git";
			requirement = {
				kind = upToNextMinorVersion;
				minimumVersion = 8.10.0;
			};
		};
		B45E0000000000000000001B /* XCRemoteSwiftPackageReference "SwiftLintPlugins" */ = {
			isa = XCRemoteSwiftPackageReference;
			repositoryURL = "https://github.com/SimplyDanny/SwiftLintPlugins";
			requirement = {
				kind = upToNextMinorVersion;
				minimumVersion = 0.65.0;
			};
		};
/* End XCRemoteSwiftPackageReference section */

/* Begin XCSwiftPackageProductDependency section */
		B45E00000000000000000011 /* Alamofire */ = {
			isa = XCSwiftPackageProductDependency;
			package = B45E00000000000000000012 /* XCRemoteSwiftPackageReference "Alamofire" */;
			productName = Alamofire;
		};
		B45E00000000000000000017 /* Kingfisher */ = {
			isa = XCSwiftPackageProductDependency;
			package = B45E00000000000000000018 /* XCRemoteSwiftPackageReference "Kingfisher" */;
			productName = Kingfisher;
		};
		B45E00000000000000000019 /* SwiftLintBuildToolPlugin */ = {
			isa = XCSwiftPackageProductDependency;
			package = B45E0000000000000000001B /* XCRemoteSwiftPackageReference "SwiftLintPlugins" */;
			productName = "plugin:SwiftLintBuildToolPlugin";
		};
		B45E00000000000000000023 /* Alamofire */ = {
			isa = XCSwiftPackageProductDependency;
			package = B45E00000000000000000012 /* XCRemoteSwiftPackageReference "Alamofire" */;
			productName = Alamofire;
		};
		B45E00000000000000000027 /* Kingfisher */ = {
			isa = XCSwiftPackageProductDependency;
			package = B45E00000000000000000018 /* XCRemoteSwiftPackageReference "Kingfisher" */;
			productName = Kingfisher;
		};
		B45E00000000000000000028 /* SwiftLintBuildToolPlugin */ = {
			isa = XCSwiftPackageProductDependency;
			package = B45E0000000000000000001B /* XCRemoteSwiftPackageReference "SwiftLintPlugins" */;
			productName = "plugin:SwiftLintBuildToolPlugin";
		};
/* End XCSwiftPackageProductDependency section */
	};
	rootObject = B45E00000000000000000034 /* Project object */;
}
